
Microsoft Visual Studio Solution File, Format Version 12.00
# Visual Studio 15
VisualStudioVersion = 15.0.26228.4
MinimumVisualStudioVersion = 10.0.40219.1
Project("{FAE04EC0-301F-11D3-BF4B-00C04F79EFBC}") = "Proyecto.Examen.Model", "Proyecto.Examen.Model\Proyecto.Examen.Model.csproj", "{12CDA25D-3F68-4333-8AFD-CF89CA749452}"
EndProject
Project("{FAE04EC0-301F-11D3-BF4B-00C04F79EFBC}") = "Proyecto.Examen.Poco", "Proyecto.Examen.Poco\Proyecto.Examen.Poco.csproj", "{42C8D211-01C1-49A0-80FA-C06127A8C08A}"
EndProject
Project("{FAE04EC0-301F-11D3-BF4B-00C04F79EFBC}") = "Proyecto.Examen.BLL", "Proyecto.Examen.BLL\Proyecto.Examen.BLL.csproj", "{AE4AF3B6-8506-49D0-A36D-85D11B50B3D3}"
EndProject
Project("{FAE04EC0-301F-11D3-BF4B-00C04F79EFBC}") = "Proyecto.Examen.DAO", "Proyecto.Examen.DAO\Proyecto.Examen.DAO.csproj", "{5273E391-5B56-4534-AE26-4562BAF2490C}"
EndProject
Project("{FAE04EC0-301F-11D3-BF4B-00C04F79EFBC}") = "Proyecto.Examen.WebApi", "Proyecto.Examen.WebApi\Proyecto.Examen.WebApi.csproj", "{68D4E466-656D-47DD-9F66-F5926E2346EF}"
EndProject
Global
	GlobalSection(SolutionConfigurationPlatforms) = preSolution
		Debug|Any CPU = Debug|Any CPU
		Release|Any CPU = Release|Any CPU
	EndGlobalSection
	GlobalSection(ProjectConfigurationPlatforms) = postSolution
		{12CDA25D-3F68-4333-8AFD-CF89CA749452}.Debug|Any CPU.ActiveCfg = Debug|Any CPU
		{12CDA25D-3F68-4333-8AFD-CF89CA749452}.Debug|Any CPU.Build.0 = Debug|Any CPU
		{12CDA25D-3F68-4333-8AFD-CF89CA749452}.Release|Any CPU.ActiveCfg = Release|Any CPU
		{12CDA25D-3F68-4333-8AFD-CF89CA749452}.Release|Any CPU.Build.0 = Release|Any CPU
		{42C8D211-01C1-49A0-80FA-C06127A8C08A}.Debug|Any CPU.ActiveCfg = Debug|Any CPU
		{42C8D211-01C1-49A0-80FA-C06127A8C08A}.Debug|Any CPU.Build.0 = Debug|Any CPU
		{42C8D211-01C1-49A0-80FA-C06127A8C08A}.Release|Any CPU.ActiveCfg = Release|Any CPU
		{42C8D211-01C1-49A0-80FA-C06127A8C08A}.Release|Any CPU.Build.0 = Release|Any CPU
		{AE4AF3B6-8506-49D0-A36D-85D11B50B3D3}.Debug|Any CPU.ActiveCfg = Debug|Any CPU
		{AE4AF3B6-8506-49D0-A36D-85D11B50B3D3}.Debug|Any CPU.Build.0 = Debug|Any CPU
		{AE4AF3B6-8506-49D0-A36D-85D11B50B3D3}.Release|Any CPU.ActiveCfg = Release|Any CPU
		{AE4AF3B6-8506-49D0-A36D-85D11B50B3D3}.Release|Any CPU.Build.0 = Release|Any CPU
		{5273E391-5B56-4534-AE26-4562BAF2490C}.Debug|Any CPU.ActiveCfg = Debug|Any CPU
		{5273E391-5B56-4534-AE26-4562BAF2490C}.Debug|Any CPU.Build.0 = Debug|Any CPU
		{5273E391-5B56-4534-AE26-4562BAF2490C}.Release|Any CPU.ActiveCfg = Release|Any CPU
		{5273E391-5B56-4534-AE26-4562BAF2490C}.Release|Any CPU.Build.0 = Release|Any CPU
		{68D4E466-656D-47DD-9F66-F5926E2346EF}.Debug|Any CPU.ActiveCfg = Debug|Any CPU
		{68D4E466-656D-47DD-9F66-F5926E2346EF}.Debug|Any CPU.Build.0 = Debug|Any CPU
		{68D4E466-656D-47DD-9F66-F5926E2346EF}.Release|Any CPU.ActiveCfg = Release|Any CPU
		{68D4E466-656D-47DD-9F66-F5926E2346EF}.Release|Any CPU.Build.0 = Release|Any CPU
	EndGlobalSection
	GlobalSection(SolutionProperties) = preSolution
		HideSolutionNode = FALSE
	EndGlobalSection
EndGlobal
